github.com/Masterminds/semver/v3 v3.2.0 h1:3MEsd0SM6jqZojhjLWWeBY+Kcjy9i6MQAeY7YgDP83g=
github.com/Masterminds/semver/v3 v3.2.0/go.mod h1:qvl/7zhW3nngYb5+80sSMF+FG2BjYrf8m9wsX0PNOMQ=
github.com/aws/constructs-go/constructs/v10 v10.1.299 h1:IK+Ye/EnueclScfLsMbID1rMfOYN4nd3JxSFcAo0F98=
github.com/aws/constructs-go/constructs/v10 v10.1.299/go.mod h1:5cQJ5iQD1rhDPczS+iQ9ItQXjBjQGnISqscErm9lT34=
github.com/aws/jsii-runtime-go v1.79.0 h1:iYNJR1RCCba6N/vrzT9pNKC1gPDbLYGJV1YLn5pqTPA=
github.com/aws/jsii-runtime-go v1.79.0/go.mod h1:4IGCggNIyxe54k/INmsXrEjx9hUYQGw2W7a1I5x6l78=
github.com/hashicorp/terraform-cdk-go/cdktf v0.15.5 h1:SCOaNCDOtqbm6wBNHkBBYXa1jgUuJ9S7ZkhozaB+8aA=
github.com/hashicorp/terraform-cdk-go/cdktf v0.15.5/go.mod h1:16rRQdmk5np6AOOD2F+yUp5HGV2aPP2McP77ayT+Q1A=
